
Microsoft Visual Studio Solution File, Format Version 12.00
# Visual Studio Version 16
VisualStudioVersion = 16.0.29920.165
MinimumVisualStudioVersion = 10.0.40219.1
Project("{FAE04EC0-301F-11D3-BF4B-00C04F79EFBC}") = "MiAngular", "MiAngular.csproj", "{A8D07E48-85CB-46E2-937D-49CAE4633AD8}"
EndProject
Global
	GlobalSection(SolutionConfigurationPlatforms) = preSolution
		Debug|Any CPU = Debug|Any CPU
		Release|Any CPU = Release|Any CPU
	EndGlobalSection
	GlobalSection(ProjectConfigurationPlatforms) = postSolution
		{A8D07E48-85CB-46E2-937D-49CAE4633AD8}.Debug|Any CPU.ActiveCfg = Debug|Any CPU
		{A8D07E48-85CB-46E2-937D-49CAE4633AD8}.Debug|Any CPU.Build.0 = Debug|Any CPU
		{A8D07E48-85CB-46E2-937D-49CAE4633AD8}.Release|Any CPU.ActiveCfg = Release|Any CPU
		{A8D07E48-85CB-46E2-937D-49CAE4633AD8}.Release|Any CPU.Build.0 = Release|Any CPU
	EndGlobalSection
	GlobalSection(SolutionProperties) = preSolution
		HideSolutionNode = FALSE
	EndGlobalSection
	GlobalSection(ExtensibilityGlobals) = postSolution
		SolutionGuid = {3CB0A66C-9BF3-4C57-AAC0-283E8BFAF27A}
	EndGlobalSection
EndGlobal
